
Microsoft Visual Studio Solution File, Format Version 12.00
# Visual Studio 15
VisualStudioVersion = 15.0.28307.106
MinimumVisualStudioVersion = 10.0.40219.1
Project("{FAE04EC0-301F-11D3-BF4B-00C04F79EFBC}") = "Native.Csharp", "Native.Csharp\Native.Csharp.csproj", "{8BC2C861-D30C-425B-98A7-812792D2017D}"
EndProject
Project("{FAE04EC0-301F-11D3-BF4B-00C04F79EFBC}") = "Native.Csharp.UI", "Native.Csharp.UI\Native.Csharp.UI.csproj", "{05E71AF7-91EB-47C6-8B73-7C67A2B13DFE}"
EndProject
Global
	GlobalSection(SolutionConfigurationPlatforms) = preSolution
		Debug|Any CPU = Debug|Any CPU
		Debug|x86 = Debug|x86
		Release|Any CPU = Release|Any CPU
		Release|x86 = Release|x86
	EndGlobalSection
	GlobalSection(ProjectConfigurationPlatforms) = postSolution
		{8BC2C861-D30C-425B-98A7-812792D2017D}.Debug|Any CPU.ActiveCfg = Debug|Any CPU
		{8BC2C861-D30C-425B-98A7-812792D2017D}.Debug|Any CPU.Build.0 = Debug|Any CPU
		{8BC2C861-D30C-425B-98A7-812792D2017D}.Debug|x86.ActiveCfg = Debug|Any CPU
		{8BC2C861-D30C-425B-98A7-812792D2017D}.Debug|x86.Build.0 = Debug|Any CPU
		{8BC2C861-D30C-425B-98A7-812792D2017D}.Release|Any CPU.ActiveCfg = Release|Any CPU
		{8BC2C861-D30C-425B-98A7-812792D2017D}.Release|Any CPU.Build.0 = Release|Any CPU
		{8BC2C861-D30C-425B-98A7-812792D2017D}.Release|x86.ActiveCfg = Release|x86
		{8BC2C861-D30C-425B-98A7-812792D2017D}.Release|x86.Build.0 = Release|x86
		{05E71AF7-91EB-47C6-8B73-7C67A2B13DFE}.Debug|Any CPU.ActiveCfg = Debug|Any CPU
		{05E71AF7-91EB-47C6-8B73-7C67A2B13DFE}.Debug|Any CPU.Build.0 = Debug|Any CPU
		{05E71AF7-91EB-47C6-8B73-7C67A2B13DFE}.Debug|x86.ActiveCfg = Debug|Any CPU
		{05E71AF7-91EB-47C6-8B73-7C67A2B13DFE}.Debug|x86.Build.0 = Debug|Any CPU
		{05E71AF7-91EB-47C6-8B73-7C67A2B13DFE}.Release|Any CPU.ActiveCfg = Release|Any CPU
		{05E71AF7-91EB-47C6-8B73-7C67A2B13DFE}.Release|Any CPU.Build.0 = Release|Any CPU
		{05E71AF7-91EB-47C6-8B73-7C67A2B13DFE}.Release|x86.ActiveCfg = Release|x86
		{05E71AF7-91EB-47C6-8B73-7C67A2B13DFE}.Release|x86.Build.0 = Release|x86
	EndGlobalSection
	GlobalSection(SolutionProperties) = preSolution
		HideSolutionNode = FALSE
	EndGlobalSection
	GlobalSection(ExtensibilityGlobals) = postSolution
		SolutionGuid = {EE9D5E5A-55AA-4FD1-A2AC-7091CBED6C85}
	EndGlobalSection
EndGlobal
