
Microsoft Visual Studio Solution File, Format Version 12.00
# Visual Studio Version 16
VisualStudioVersion = 16.0.28803.156
MinimumVisualStudioVersion = 10.0.40219.1
Project("{FAE04EC0-301F-11D3-BF4B-00C04F79EFBD}") = "Native.Csharp", "Native.Csharp\Native.Csharp.csproj", "{8BC2C861-D30C-425B-98A7-812792D2017D}"
EndProject
Project("{9A19103F-16F7-4668-BE54-9A1E7A4F7556}") = "Native.Csharp.Sdk", "Native.Csharp.Sdk\Native.Csharp.Sdk.csproj", "{797EAEBC-4D5B-4EEF-87F4-A508FDA2CB6A}"
EndProject
Project("{9A19103F-16F7-4668-BE54-9A1E7A4F7556}") = "Native.Csharp.Tool", "Native.Csharp.Tool\Native.Csharp.Tool.csproj", "{05803F01-EAAA-4FD7-9BE6-96BDD700C428}"
EndProject
Global
	GlobalSection(SolutionConfigurationPlatforms) = preSolution
		Debug|Any CPU = Debug|Any CPU
		Debug|x86 = Debug|x86
		Release|Any CPU = Release|Any CPU
		Release|x86 = Release|x86
	EndGlobalSection
	GlobalSection(ProjectConfigurationPlatforms) = postSolution
		{8BC2C861-D30C-425B-98A7-812792D2017D}.Debug|Any CPU.ActiveCfg = Debug|Any CPU
		{8BC2C861-D30C-425B-98A7-812792D2017D}.Debug|Any CPU.Build.0 = Debug|Any CPU
		{8BC2C861-D30C-425B-98A7-812792D2017D}.Debug|x86.ActiveCfg = Debug|Any CPU
		{8BC2C861-D30C-425B-98A7-812792D2017D}.Debug|x86.Build.0 = Debug|Any CPU
		{8BC2C861-D30C-425B-98A7-812792D2017D}.Release|Any CPU.ActiveCfg = Release|Any CPU
		{8BC2C861-D30C-425B-98A7-812792D2017D}.Release|Any CPU.Build.0 = Release|Any CPU
		{8BC2C861-D30C-425B-98A7-812792D2017D}.Release|x86.ActiveCfg = Release|Any CPU
		{8BC2C861-D30C-425B-98A7-812792D2017D}.Release|x86.Build.0 = Release|Any CPU
		{797EAEBC-4D5B-4EEF-87F4-A508FDA2CB6A}.Debug|Any CPU.ActiveCfg = Debug|Any CPU
		{797EAEBC-4D5B-4EEF-87F4-A508FDA2CB6A}.Debug|Any CPU.Build.0 = Debug|Any CPU
		{797EAEBC-4D5B-4EEF-87F4-A508FDA2CB6A}.Debug|x86.ActiveCfg = Debug|Any CPU
		{797EAEBC-4D5B-4EEF-87F4-A508FDA2CB6A}.Debug|x86.Build.0 = Debug|Any CPU
		{797EAEBC-4D5B-4EEF-87F4-A508FDA2CB6A}.Release|Any CPU.ActiveCfg = Release|Any CPU
		{797EAEBC-4D5B-4EEF-87F4-A508FDA2CB6A}.Release|Any CPU.Build.0 = Release|Any CPU
		{797EAEBC-4D5B-4EEF-87F4-A508FDA2CB6A}.Release|x86.ActiveCfg = Release|Any CPU
		{797EAEBC-4D5B-4EEF-87F4-A508FDA2CB6A}.Release|x86.Build.0 = Release|Any CPU
		{05803F01-EAAA-4FD7-9BE6-96BDD700C428}.Debug|Any CPU.ActiveCfg = Debug|Any CPU
		{05803F01-EAAA-4FD7-9BE6-96BDD700C428}.Debug|Any CPU.Build.0 = Debug|Any CPU
		{05803F01-EAAA-4FD7-9BE6-96BDD700C428}.Debug|x86.ActiveCfg = Debug|Any CPU
		{05803F01-EAAA-4FD7-9BE6-96BDD700C428}.Debug|x86.Build.0 = Debug|Any CPU
		{05803F01-EAAA-4FD7-9BE6-96BDD700C428}.Release|Any CPU.ActiveCfg = Release|Any CPU
		{05803F01-EAAA-4FD7-9BE6-96BDD700C428}.Release|Any CPU.Build.0 = Release|Any CPU
		{05803F01-EAAA-4FD7-9BE6-96BDD700C428}.Release|x86.ActiveCfg = Release|Any CPU
		{05803F01-EAAA-4FD7-9BE6-96BDD700C428}.Release|x86.Build.0 = Release|Any CPU
	EndGlobalSection
	GlobalSection(SolutionProperties) = preSolution
		HideSolutionNode = FALSE
	EndGlobalSection
	GlobalSection(ExtensibilityGlobals) = postSolution
		SolutionGuid = {EE9D5E5A-55AA-4FD1-A2AC-7091CBED6C85}
	EndGlobalSection
EndGlobal
